
Microsoft Visual Studio Solution File, Format Version 12.00
# Visual Studio Version 16
VisualStudioVersion = 16.0.29409.12
MinimumVisualStudioVersion = 10.0.40219.1
Project("{9A19103F-16F7-4668-BE54-9A1E7A4F7556}") = "Forum.Domain", "Forum.Domain\Forum.Domain.csproj", "{E94C0902-E89E-433F-8C20-C1C9041E7F96}"
EndProject
Project("{9A19103F-16F7-4668-BE54-9A1E7A4F7556}") = "Forum.Domain.Tests", "Forum.Domain.Tests\Forum.Domain.Tests.csproj", "{8316C116-5517-47D4-9545-039FA6AF23B4}"
EndProject
Project("{9A19103F-16F7-4668-BE54-9A1E7A4F7556}") = "Forum.Infra", "Forum.Infra\Forum.Infra.csproj", "{BE73DDD4-64DC-4E6B-9725-0B2DCD1F112B}"
EndProject
Project("{9A19103F-16F7-4668-BE54-9A1E7A4F7556}") = "Forum.Infra.Tests", "Forum.Infra.Tests\Forum.Infra.Tests.csproj", "{2E753247-3542-4BC6-B81F-AFD888867C75}"
EndProject
Project("{9A19103F-16F7-4668-BE54-9A1E7A4F7556}") = "Forum.Data", "Forum.Data\Forum.Data.csproj", "{103218F5-3F38-40DA-AC74-C7A857255C96}"
EndProject
Project("{2150E333-8FDC-42A3-9474-1A3956D46DE8}") = "API", "API", "{1A809324-87B7-4B51-A9B6-375EBCFE26E8}"
EndProject
Project("{2150E333-8FDC-42A3-9474-1A3956D46DE8}") = "Data", "Data", "{42DB2983-F5C0-47F8-A751-742DFE94D650}"
EndProject
Project("{2150E333-8FDC-42A3-9474-1A3956D46DE8}") = "Domain", "Domain", "{74E93C43-C03F-4F27-8020-6FB9EABDB2D4}"
EndProject
Project("{2150E333-8FDC-42A3-9474-1A3956D46DE8}") = "Infra", "Infra", "{4DEF6600-DF41-4AA3-9B04-83502A6C94CF}"
EndProject
Project("{9A19103F-16F7-4668-BE54-9A1E7A4F7556}") = "Forum.API", "Forum.API\Forum.API.csproj", "{18AF0075-B631-4609-97B8-3390A07CD7EC}"
EndProject
Project("{9A19103F-16F7-4668-BE54-9A1E7A4F7556}") = "Forum.API.Tests", "Forum.API.Tests\Forum.API.Tests.csproj", "{321DC9C8-C41E-4153-A25D-73137BD92AE4}"
EndProject
Project("{2150E333-8FDC-42A3-9474-1A3956D46DE8}") = "Auth", "Auth", "{1F64965C-C22D-4849-8CC2-303077FE253C}"
EndProject
Project("{FAE04EC0-301F-11D3-BF4B-00C04F79EFBC}") = "Forum.IdentityServer", "Forum.IdentityServer\Forum.IdentityServer.csproj", "{4E35A5C7-8928-4F48-90D8-777DCEF13D05}"
EndProject
Global
	GlobalSection(SolutionConfigurationPlatforms) = preSolution
		Debug|Any CPU = Debug|Any CPU
		Release|Any CPU = Release|Any CPU
	EndGlobalSection
	GlobalSection(ProjectConfigurationPlatforms) = postSolution
		{E94C0902-E89E-433F-8C20-C1C9041E7F96}.Debug|Any CPU.ActiveCfg = Debug|Any CPU
		{E94C0902-E89E-433F-8C20-C1C9041E7F96}.Debug|Any CPU.Build.0 = Debug|Any CPU
		{E94C0902-E89E-433F-8C20-C1C9041E7F96}.Release|Any CPU.ActiveCfg = Release|Any CPU
		{E94C0902-E89E-433F-8C20-C1C9041E7F96}.Release|Any CPU.Build.0 = Release|Any CPU
		{8316C116-5517-47D4-9545-039FA6AF23B4}.Debug|Any CPU.ActiveCfg = Debug|Any CPU
		{8316C116-5517-47D4-9545-039FA6AF23B4}.Debug|Any CPU.Build.0 = Debug|Any CPU
		{8316C116-5517-47D4-9545-039FA6AF23B4}.Release|Any CPU.ActiveCfg = Release|Any CPU
		{8316C116-5517-47D4-9545-039FA6AF23B4}.Release|Any CPU.Build.0 = Release|Any CPU
		{BE73DDD4-64DC-4E6B-9725-0B2DCD1F112B}.Debug|Any CPU.ActiveCfg = Debug|Any CPU
		{BE73DDD4-64DC-4E6B-9725-0B2DCD1F112B}.Debug|Any CPU.Build.0 = Debug|Any CPU
		{BE73DDD4-64DC-4E6B-9725-0B2DCD1F112B}.Release|Any CPU.ActiveCfg = Release|Any CPU
		{BE73DDD4-64DC-4E6B-9725-0B2DCD1F112B}.Release|Any CPU.Build.0 = Release|Any CPU
		{2E753247-3542-4BC6-B81F-AFD888867C75}.Debug|Any CPU.ActiveCfg = Debug|Any CPU
		{2E753247-3542-4BC6-B81F-AFD888867C75}.Debug|Any CPU.Build.0 = Debug|Any CPU
		{2E753247-3542-4BC6-B81F-AFD888867C75}.Release|Any CPU.ActiveCfg = Release|Any CPU
		{2E753247-3542-4BC6-B81F-AFD888867C75}.Release|Any CPU.Build.0 = Release|Any CPU
		{103218F5-3F38-40DA-AC74-C7A857255C96}.Debug|Any CPU.ActiveCfg = Debug|Any CPU
		{103218F5-3F38-40DA-AC74-C7A857255C96}.Debug|Any CPU.Build.0 = Debug|Any CPU
		{103218F5-3F38-40DA-AC74-C7A857255C96}.Release|Any CPU.ActiveCfg = Release|Any CPU
		{103218F5-3F38-40DA-AC74-C7A857255C96}.Release|Any CPU.Build.0 = Release|Any CPU
		{18AF0075-B631-4609-97B8-3390A07CD7EC}.Debug|Any CPU.ActiveCfg = Debug|Any CPU
		{18AF0075-B631-4609-97B8-3390A07CD7EC}.Debug|Any CPU.Build.0 = Debug|Any CPU
		{18AF0075-B631-4609-97B8-3390A07CD7EC}.Release|Any CPU.ActiveCfg = Release|Any CPU
		{18AF0075-B631-4609-97B8-3390A07CD7EC}.Release|Any CPU.Build.0 = Release|Any CPU
		{321DC9C8-C41E-4153-A25D-73137BD92AE4}.Debug|Any CPU.ActiveCfg = Debug|Any CPU
		{321DC9C8-C41E-4153-A25D-73137BD92AE4}.Debug|Any CPU.Build.0 = Debug|Any CPU
		{321DC9C8-C41E-4153-A25D-73137BD92AE4}.Release|Any CPU.ActiveCfg = Release|Any CPU
		{321DC9C8-C41E-4153-A25D-73137BD92AE4}.Release|Any CPU.Build.0 = Release|Any CPU
		{4E35A5C7-8928-4F48-90D8-777DCEF13D05}.Debug|Any CPU.ActiveCfg = Debug|Any CPU
		{4E35A5C7-8928-4F48-90D8-777DCEF13D05}.Debug|Any CPU.Build.0 = Debug|Any CPU
		{4E35A5C7-8928-4F48-90D8-777DCEF13D05}.Release|Any CPU.ActiveCfg = Release|Any CPU
		{4E35A5C7-8928-4F48-90D8-777DCEF13D05}.Release|Any CPU.Build.0 = Release|Any CPU
	EndGlobalSection
	GlobalSection(SolutionProperties) = preSolution
		HideSolutionNode = FALSE
	EndGlobalSection
	GlobalSection(NestedProjects) = preSolution
		{E94C0902-E89E-433F-8C20-C1C9041E7F96} = {74E93C43-C03F-4F27-8020-6FB9EABDB2D4}
		{8316C116-5517-47D4-9545-039FA6AF23B4} = {74E93C43-C03F-4F27-8020-6FB9EABDB2D4}
		{BE73DDD4-64DC-4E6B-9725-0B2DCD1F112B} = {4DEF6600-DF41-4AA3-9B04-83502A6C94CF}
		{2E753247-3542-4BC6-B81F-AFD888867C75} = {4DEF6600-DF41-4AA3-9B04-83502A6C94CF}
		{103218F5-3F38-40DA-AC74-C7A857255C96} = {42DB2983-F5C0-47F8-A751-742DFE94D650}
		{18AF0075-B631-4609-97B8-3390A07CD7EC} = {1A809324-87B7-4B51-A9B6-375EBCFE26E8}
		{321DC9C8-C41E-4153-A25D-73137BD92AE4} = {1A809324-87B7-4B51-A9B6-375EBCFE26E8}
		{4E35A5C7-8928-4F48-90D8-777DCEF13D05} = {1F64965C-C22D-4849-8CC2-303077FE253C}
	EndGlobalSection
	GlobalSection(ExtensibilityGlobals) = postSolution
		SolutionGuid = {00D2293F-E927-4B4A-B90C-F9271EE5F44D}
	EndGlobalSection
EndGlobal
